
Microsoft Visual Studio Solution File, Format Version 12.00
# Visual Studio 2013
Project("{FAE04EC0-301F-11D3-BF4B-00C04F79EFBC}") = "UnityVS.LD31_2.CSharp", "UnityVS.LD31_2.CSharp.csproj", "{06304F69-52B8-7750-200A-05FF19283A8E}"
EndProject
Global
	GlobalSection(SolutionConfigurationPlatforms) = preSolution
		Debug|Any CPU = Debug|Any CPU
		Release|Any CPU = Release|Any CPU
	EndGlobalSection
	GlobalSection(ProjectConfigurationPlatforms) = postSolution
		{06304F69-52B8-7750-200A-05FF19283A8E}.Debug|Any CPU.ActiveCfg = Debug|Any CPU
		{06304F69-52B8-7750-200A-05FF19283A8E}.Debug|Any CPU.Build.0 = Debug|Any CPU
		{06304F69-52B8-7750-200A-05FF19283A8E}.Release|Any CPU.ActiveCfg = Release|Any CPU
		{06304F69-52B8-7750-200A-05FF19283A8E}.Release|Any CPU.Build.0 = Release|Any CPU
	EndGlobalSection
	GlobalSection(SolutionProperties) = preSolution
		HideSolutionNode = FALSE
	EndGlobalSection
EndGlobal
